
Microsoft Visual Studio Solution File, Format Version 12.00
# Visual Studio 2013
VisualStudioVersion = 12.0.30723.0
MinimumVisualStudioVersion = 10.0.40219.1
Project("{FAE04EC0-301F-11D3-BF4B-00C04F79EFBC}") = "slim", "slim\slim.csproj", "{7D9DA9EA-ACB1-4073-A9B3-004D2B832819}"
EndProject
Project("{2150E333-8FDC-42A3-9474-1A3956D46DE8}") = ".nuget", ".nuget", "{C5CF76DA-2A98-4F7D-A641-1C38F95034EA}"
	ProjectSection(SolutionItems) = preProject
		.nuget\packages.config = .nuget\packages.config
	EndProjectSection
EndProject
Project("{FAE04EC0-301F-11D3-BF4B-00C04F79EFBC}") = "DataReport.Repository", "DataReport.Repository\DataReport.Repository.csproj", "{95E1CDF9-F55A-4612-9314-53442A43FF07}"
EndProject
Project("{FAE04EC0-301F-11D3-BF4B-00C04F79EFBC}") = "DataReport.Service", "DataReport.Service\DataReport.Service.csproj", "{74534154-0569-48FF-B0E6-0F40D692C104}"
EndProject
Project("{FAE04EC0-301F-11D3-BF4B-00C04F79EFBC}") = "DataReport.Model", "DataReport.Model\DataReport.Model.csproj", "{F1315F20-4CFB-4071-B301-06C719BA1B75}"
EndProject
Project("{FAE04EC0-301F-11D3-BF4B-00C04F79EFBC}") = "DataReport.Interfaces", "DataReport.Interfaces\DataReport.Interfaces.csproj", "{7E2474F1-FF06-4423-999B-1048B258A29C}"
EndProject
Project("{FAE04EC0-301F-11D3-BF4B-00C04F79EFBC}") = "DataReport.Map", "DataReport.Map\DataReport.Map.csproj", "{B8432904-7D44-44B7-80F3-3691BC740BA1}"
EndProject
Project("{FAE04EC0-301F-11D3-BF4B-00C04F79EFBC}") = "DataReport.Injector", "DataReport.Injector\DataReport.Injector.csproj", "{798163B9-E9E8-4072-A76A-575B3B5639D9}"
EndProject
Project("{FAE04EC0-301F-11D3-BF4B-00C04F79EFBC}") = "DataReport.Common", "DataReport.Common\DataReport.Common.csproj", "{5C47EA91-4480-4611-91C1-97BC7B8D1413}"
EndProject
Project("{FAE04EC0-301F-11D3-BF4B-00C04F79EFBC}") = "DataReport.WebApi", "DataReport.WebApi\DataReport.WebApi.csproj", "{8B1809E9-A185-4CC3-B249-64F401F4E1A6}"
EndProject
Global
	GlobalSection(SolutionConfigurationPlatforms) = preSolution
		Debug|Any CPU = Debug|Any CPU
		Release|Any CPU = Release|Any CPU
	EndGlobalSection
	GlobalSection(ProjectConfigurationPlatforms) = postSolution
		{7D9DA9EA-ACB1-4073-A9B3-004D2B832819}.Debug|Any CPU.ActiveCfg = Debug|Any CPU
		{7D9DA9EA-ACB1-4073-A9B3-004D2B832819}.Debug|Any CPU.Build.0 = Debug|Any CPU
		{7D9DA9EA-ACB1-4073-A9B3-004D2B832819}.Release|Any CPU.ActiveCfg = Release|Any CPU
		{7D9DA9EA-ACB1-4073-A9B3-004D2B832819}.Release|Any CPU.Build.0 = Release|Any CPU
		{95E1CDF9-F55A-4612-9314-53442A43FF07}.Debug|Any CPU.ActiveCfg = Debug|Any CPU
		{95E1CDF9-F55A-4612-9314-53442A43FF07}.Debug|Any CPU.Build.0 = Debug|Any CPU
		{95E1CDF9-F55A-4612-9314-53442A43FF07}.Release|Any CPU.ActiveCfg = Release|Any CPU
		{95E1CDF9-F55A-4612-9314-53442A43FF07}.Release|Any CPU.Build.0 = Release|Any CPU
		{74534154-0569-48FF-B0E6-0F40D692C104}.Debug|Any CPU.ActiveCfg = Debug|Any CPU
		{74534154-0569-48FF-B0E6-0F40D692C104}.Debug|Any CPU.Build.0 = Debug|Any CPU
		{74534154-0569-48FF-B0E6-0F40D692C104}.Release|Any CPU.ActiveCfg = Release|Any CPU
		{74534154-0569-48FF-B0E6-0F40D692C104}.Release|Any CPU.Build.0 = Release|Any CPU
		{F1315F20-4CFB-4071-B301-06C719BA1B75}.Debug|Any CPU.ActiveCfg = Debug|Any CPU
		{F1315F20-4CFB-4071-B301-06C719BA1B75}.Debug|Any CPU.Build.0 = Debug|Any CPU
		{F1315F20-4CFB-4071-B301-06C719BA1B75}.Release|Any CPU.ActiveCfg = Release|Any CPU
		{F1315F20-4CFB-4071-B301-06C719BA1B75}.Release|Any CPU.Build.0 = Release|Any CPU
		{7E2474F1-FF06-4423-999B-1048B258A29C}.Debug|Any CPU.ActiveCfg = Debug|Any CPU
		{7E2474F1-FF06-4423-999B-1048B258A29C}.Debug|Any CPU.Build.0 = Debug|Any CPU
		{7E2474F1-FF06-4423-999B-1048B258A29C}.Release|Any CPU.ActiveCfg = Release|Any CPU
		{7E2474F1-FF06-4423-999B-1048B258A29C}.Release|Any CPU.Build.0 = Release|Any CPU
		{B8432904-7D44-44B7-80F3-3691BC740BA1}.Debug|Any CPU.ActiveCfg = Debug|Any CPU
		{B8432904-7D44-44B7-80F3-3691BC740BA1}.Debug|Any CPU.Build.0 = Debug|Any CPU
		{B8432904-7D44-44B7-80F3-3691BC740BA1}.Release|Any CPU.ActiveCfg = Release|Any CPU
		{B8432904-7D44-44B7-80F3-3691BC740BA1}.Release|Any CPU.Build.0 = Release|Any CPU
		{798163B9-E9E8-4072-A76A-575B3B5639D9}.Debug|Any CPU.ActiveCfg = Debug|Any CPU
		{798163B9-E9E8-4072-A76A-575B3B5639D9}.Debug|Any CPU.Build.0 = Debug|Any CPU
		{798163B9-E9E8-4072-A76A-575B3B5639D9}.Release|Any CPU.ActiveCfg = Release|Any CPU
		{798163B9-E9E8-4072-A76A-575B3B5639D9}.Release|Any CPU.Build.0 = Release|Any CPU
		{5C47EA91-4480-4611-91C1-97BC7B8D1413}.Debug|Any CPU.ActiveCfg = Debug|Any CPU
		{5C47EA91-4480-4611-91C1-97BC7B8D1413}.Debug|Any CPU.Build.0 = Debug|Any CPU
		{5C47EA91-4480-4611-91C1-97BC7B8D1413}.Release|Any CPU.ActiveCfg = Release|Any CPU
		{5C47EA91-4480-4611-91C1-97BC7B8D1413}.Release|Any CPU.Build.0 = Release|Any CPU
		{8B1809E9-A185-4CC3-B249-64F401F4E1A6}.Debug|Any CPU.ActiveCfg = Debug|Any CPU
		{8B1809E9-A185-4CC3-B249-64F401F4E1A6}.Debug|Any CPU.Build.0 = Debug|Any CPU
		{8B1809E9-A185-4CC3-B249-64F401F4E1A6}.Release|Any CPU.ActiveCfg = Release|Any CPU
		{8B1809E9-A185-4CC3-B249-64F401F4E1A6}.Release|Any CPU.Build.0 = Release|Any CPU
	EndGlobalSection
	GlobalSection(SolutionProperties) = preSolution
		HideSolutionNode = FALSE
	EndGlobalSection
	GlobalSection(ExtensibilityGlobals) = postSolution
		EnterpriseLibraryConfigurationToolBinariesPath = packages\Unity.2.1.505.0\lib\NET35
	EndGlobalSection
EndGlobal
